
Microsoft Visual Studio Solution File, Format Version 12.00
# Visual Studio Version 16
VisualStudioVersion = 16.0.31729.503
MinimumVisualStudioVersion = 10.0.40219.1
Project("{FAE04EC0-301F-11D3-BF4B-00C04F79EFBC}") = "MyBot.Supporter.V2", "MyBot.Supporter.V2\MyBot.Supporter.V2.csproj", "{518AAA0C-1D7B-47EF-92FC-66268DD24C52}"
EndProject
Global
	GlobalSection(SolutionConfigurationPlatforms) = preSolution
		Debug|Any CPU = Debug|Any CPU
		Release|Any CPU = Release|Any CPU
	EndGlobalSection
	GlobalSection(ProjectConfigurationPlatforms) = postSolution
		{518AAA0C-1D7B-47EF-92FC-66268DD24C52}.Debug|Any CPU.ActiveCfg = Debug|Any CPU
		{518AAA0C-1D7B-47EF-92FC-66268DD24C52}.Debug|Any CPU.Build.0 = Debug|Any CPU
		{518AAA0C-1D7B-47EF-92FC-66268DD24C52}.Release|Any CPU.ActiveCfg = Release|Any CPU
		{518AAA0C-1D7B-47EF-92FC-66268DD24C52}.Release|Any CPU.Build.0 = Release|Any CPU
	EndGlobalSection
	GlobalSection(SolutionProperties) = preSolution
		HideSolutionNode = FALSE
	EndGlobalSection
	GlobalSection(ExtensibilityGlobals) = postSolution
		SolutionGuid = {38CB8B15-11DC-4FAA-A4F9-4F1150F618EB}
	EndGlobalSection
EndGlobal
